Microsoft Visual Studio Solution File, Format Version 12.00
# Visual Studio Version 17
VisualStudioVersion = 17.5.2.0
MinimumVisualStudioVersion = 10.0.40219.1
Project("{FAE04EC0-301F-11D3-BF4B-00C04F79EFBC}") = "Dragons.Api", "Dragons.Api\Dragons.Api.csproj", "{4294EA22-9CC9-1530-8795-77C93D5BC891}"
EndProject
Global
	GlobalSection(SolutionConfigurationPlatforms) = preSolution
		Debug|Any CPU = Debug|Any CPU
		Release|Any CPU = Release|Any CPU
	EndGlobalSection
	GlobalSection(ProjectConfigurationPlatforms) = postSolution
		{4294EA22-9CC9-1530-8795-77C93D5BC891}.Debug|Any CPU.ActiveCfg = Debug|Any CPU
		{4294EA22-9CC9-1530-8795-77C93D5BC891}.Debug|Any CPU.Build.0 = Debug|Any CPU
		{4294EA22-9CC9-1530-8795-77C93D5BC891}.Release|Any CPU.ActiveCfg = Release|Any CPU
		{4294EA22-9CC9-1530-8795-77C93D5BC891}.Release|Any CPU.Build.0 = Release|Any CPU
	EndGlobalSection
	GlobalSection(SolutionProperties) = preSolution
		HideSolutionNode = FALSE
	EndGlobalSection
	GlobalSection(ExtensibilityGlobals) = postSolution
		SolutionGuid = {A06F9407-4538-4D30-801A-ECDC1EBDE0BB}
	EndGlobalSection
EndGlobal
